
Microsoft Visual Studio Solution File, Format Version 12.00
# Visual Studio 15
VisualStudioVersion = 15.0.27004.2009
MinimumVisualStudioVersion = 10.0.40219.1
Project("{9A19103F-16F7-4668-BE54-9A1E7A4F7556}") = "KekManager.Api", "KekManager.Api\KekManager.Api.csproj", "{64E32BAC-724E-45C2-964A-190A7F622DE0}"
EndProject
Project("{2150E333-8FDC-42A3-9474-1A3956D46DE8}") = "Api", "Api", "{14E1116C-6F0C-42D9-8F6D-5F98FCAE2B49}"
EndProject
Project("{2150E333-8FDC-42A3-9474-1A3956D46DE8}") = "BusinessLogic", "BusinessLogic", "{F93689CB-E059-4D35-AD93-A3AF3ED6BAD4}"
EndProject
Project("{2150E333-8FDC-42A3-9474-1A3956D46DE8}") = "DAL", "DAL", "{0CEEF191-3E68-4612-BACF-8A6D04408049}"
EndProject
Project("{9A19103F-16F7-4668-BE54-9A1E7A4F7556}") = "KekManager.AppStartup", "KekManager.Startup\KekManager.AppStartup.csproj", "{EE0B6656-DEE0-4383-9DC8-4E474CB1B0F3}"
EndProject
Project("{2150E333-8FDC-42A3-9474-1A3956D46DE8}") = "Security", "Security", "{3796E77D-0D75-49A4-80C9-FF75D14D81C9}"
EndProject
Project("{2150E333-8FDC-42A3-9474-1A3956D46DE8}") = "DAL", "DAL", "{CE6C166E-FA3E-46F6-BF78-7B851B739273}"
EndProject
Project("{2150E333-8FDC-42A3-9474-1A3956D46DE8}") = "BusinessLogic", "BusinessLogic", "{F3FDEBC4-E5D4-4418-AC7A-D384325148C4}"
EndProject
Project("{2150E333-8FDC-42A3-9474-1A3956D46DE8}") = "Api", "Api", "{09F71352-A89F-4D93-BD8B-33688739ACB8}"
EndProject
Project("{9A19103F-16F7-4668-BE54-9A1E7A4F7556}") = "KekManager.Security.Data", "Security\KekManager.Security.Dal\KekManager.Security.Data.csproj", "{3EC950B9-FCEE-480C-BD07-70CD958CB691}"
EndProject
Project("{2150E333-8FDC-42A3-9474-1A3956D46DE8}") = "Web", "Web", "{C97C3D9C-9688-4A92-81EC-3D6C0F53B882}"
EndProject
Project("{9A19103F-16F7-4668-BE54-9A1E7A4F7556}") = "KekManager.Data", "KekManager.Dal\KekManager.Data.csproj", "{ED261133-2EDD-4CA3-867C-4F09B96D1F13}"
EndProject
Project("{9A19103F-16F7-4668-BE54-9A1E7A4F7556}") = "KekManager.Database", "Database\KekManager.Database.csproj", "{54BCAE84-8DA6-4BEF-BE93-8B9CE5F6E125}"
EndProject
Project("{9A19103F-16F7-4668-BE54-9A1E7A4F7556}") = "KekManager.Security.Api", "Security\KekManager.Security.Api\KekManager.Security.Api.csproj", "{C00A61D6-5634-4EBC-900B-2D933E29709A}"
EndProject
Project("{9A19103F-16F7-4668-BE54-9A1E7A4F7556}") = "KekManager.DependancyRegistration", "KekManager.DependancyRegistration\KekManager.DependancyRegistration.csproj", "{59EB77BB-A8CA-41AE-A70C-E8946654E012}"
EndProject
Project("{9A19103F-16F7-4668-BE54-9A1E7A4F7556}") = "KekManager.Security.Logic", "Security\KekManager.Security.Logic\KekManager.Security.Logic.csproj", "{12F94BFF-166D-45EB-9268-D1DADAAC407E}"
EndProject
Project("{9A19103F-16F7-4668-BE54-9A1E7A4F7556}") = "KekManager.Security.Domain", "Security\KekManager.Security.Domain\KekManager.Security.Domain.csproj", "{79250AA7-26DF-4B81-851D-939D0DE21A9B}"
EndProject
Project("{9A19103F-16F7-4668-BE54-9A1E7A4F7556}") = "KekManager.Security.Api.Interfaces", "Security\Api\KekManager.Security.Api.Interfaces\KekManager.Security.Api.Interfaces.csproj", "{EDB5BD63-3442-497E-AE09-F80688E28E97}"
EndProject
Global
	GlobalSection(SolutionConfigurationPlatforms) = preSolution
		Debug|Any CPU = Debug|Any CPU
		Release|Any CPU = Release|Any CPU
	EndGlobalSection
	GlobalSection(ProjectConfigurationPlatforms) = postSolution
		{64E32BAC-724E-45C2-964A-190A7F622DE0}.Debug|Any CPU.ActiveCfg = Debug|Any CPU
		{64E32BAC-724E-45C2-964A-190A7F622DE0}.Debug|Any CPU.Build.0 = Debug|Any CPU
		{64E32BAC-724E-45C2-964A-190A7F622DE0}.Release|Any CPU.ActiveCfg = Release|Any CPU
		{64E32BAC-724E-45C2-964A-190A7F622DE0}.Release|Any CPU.Build.0 = Release|Any CPU
		{EE0B6656-DEE0-4383-9DC8-4E474CB1B0F3}.Debug|Any CPU.ActiveCfg = Debug|Any CPU
		{EE0B6656-DEE0-4383-9DC8-4E474CB1B0F3}.Debug|Any CPU.Build.0 = Debug|Any CPU
		{EE0B6656-DEE0-4383-9DC8-4E474CB1B0F3}.Release|Any CPU.ActiveCfg = Release|Any CPU
		{EE0B6656-DEE0-4383-9DC8-4E474CB1B0F3}.Release|Any CPU.Build.0 = Release|Any CPU
		{3EC950B9-FCEE-480C-BD07-70CD958CB691}.Debug|Any CPU.ActiveCfg = Debug|Any CPU
		{3EC950B9-FCEE-480C-BD07-70CD958CB691}.Debug|Any CPU.Build.0 = Debug|Any CPU
		{3EC950B9-FCEE-480C-BD07-70CD958CB691}.Release|Any CPU.ActiveCfg = Release|Any CPU
		{3EC950B9-FCEE-480C-BD07-70CD958CB691}.Release|Any CPU.Build.0 = Release|Any CPU
		{ED261133-2EDD-4CA3-867C-4F09B96D1F13}.Debug|Any CPU.ActiveCfg = Debug|Any CPU
		{ED261133-2EDD-4CA3-867C-4F09B96D1F13}.Debug|Any CPU.Build.0 = Debug|Any CPU
		{ED261133-2EDD-4CA3-867C-4F09B96D1F13}.Release|Any CPU.ActiveCfg = Release|Any CPU
		{ED261133-2EDD-4CA3-867C-4F09B96D1F13}.Release|Any CPU.Build.0 = Release|Any CPU
		{54BCAE84-8DA6-4BEF-BE93-8B9CE5F6E125}.Debug|Any CPU.ActiveCfg = Debug|Any CPU
		{54BCAE84-8DA6-4BEF-BE93-8B9CE5F6E125}.Debug|Any CPU.Build.0 = Debug|Any CPU
		{54BCAE84-8DA6-4BEF-BE93-8B9CE5F6E125}.Release|Any CPU.ActiveCfg = Release|Any CPU
		{54BCAE84-8DA6-4BEF-BE93-8B9CE5F6E125}.Release|Any CPU.Build.0 = Release|Any CPU
		{C00A61D6-5634-4EBC-900B-2D933E29709A}.Debug|Any CPU.ActiveCfg = Debug|Any CPU
		{C00A61D6-5634-4EBC-900B-2D933E29709A}.Debug|Any CPU.Build.0 = Debug|Any CPU
		{C00A61D6-5634-4EBC-900B-2D933E29709A}.Release|Any CPU.ActiveCfg = Release|Any CPU
		{C00A61D6-5634-4EBC-900B-2D933E29709A}.Release|Any CPU.Build.0 = Release|Any CPU
		{59EB77BB-A8CA-41AE-A70C-E8946654E012}.Debug|Any CPU.ActiveCfg = Debug|Any CPU
		{59EB77BB-A8CA-41AE-A70C-E8946654E012}.Debug|Any CPU.Build.0 = Debug|Any CPU
		{59EB77BB-A8CA-41AE-A70C-E8946654E012}.Release|Any CPU.ActiveCfg = Release|Any CPU
		{59EB77BB-A8CA-41AE-A70C-E8946654E012}.Release|Any CPU.Build.0 = Release|Any CPU
		{12F94BFF-166D-45EB-9268-D1DADAAC407E}.Debug|Any CPU.ActiveCfg = Debug|Any CPU
		{12F94BFF-166D-45EB-9268-D1DADAAC407E}.Debug|Any CPU.Build.0 = Debug|Any CPU
		{12F94BFF-166D-45EB-9268-D1DADAAC407E}.Release|Any CPU.ActiveCfg = Release|Any CPU
		{12F94BFF-166D-45EB-9268-D1DADAAC407E}.Release|Any CPU.Build.0 = Release|Any CPU
		{79250AA7-26DF-4B81-851D-939D0DE21A9B}.Debug|Any CPU.ActiveCfg = Debug|Any CPU
		{79250AA7-26DF-4B81-851D-939D0DE21A9B}.Debug|Any CPU.Build.0 = Debug|Any CPU
		{79250AA7-26DF-4B81-851D-939D0DE21A9B}.Release|Any CPU.ActiveCfg = Release|Any CPU
		{79250AA7-26DF-4B81-851D-939D0DE21A9B}.Release|Any CPU.Build.0 = Release|Any CPU
		{EDB5BD63-3442-497E-AE09-F80688E28E97}.Debug|Any CPU.ActiveCfg = Debug|Any CPU
		{EDB5BD63-3442-497E-AE09-F80688E28E97}.Debug|Any CPU.Build.0 = Debug|Any CPU
		{EDB5BD63-3442-497E-AE09-F80688E28E97}.Release|Any CPU.ActiveCfg = Release|Any CPU
		{EDB5BD63-3442-497E-AE09-F80688E28E97}.Release|Any CPU.Build.0 = Release|Any CPU
	EndGlobalSection
	GlobalSection(SolutionProperties) = preSolution
		HideSolutionNode = FALSE
	EndGlobalSection
	GlobalSection(NestedProjects) = preSolution
		{64E32BAC-724E-45C2-964A-190A7F622DE0} = {14E1116C-6F0C-42D9-8F6D-5F98FCAE2B49}
		{CE6C166E-FA3E-46F6-BF78-7B851B739273} = {3796E77D-0D75-49A4-80C9-FF75D14D81C9}
		{F3FDEBC4-E5D4-4418-AC7A-D384325148C4} = {3796E77D-0D75-49A4-80C9-FF75D14D81C9}
		{09F71352-A89F-4D93-BD8B-33688739ACB8} = {3796E77D-0D75-49A4-80C9-FF75D14D81C9}
		{3EC950B9-FCEE-480C-BD07-70CD958CB691} = {CE6C166E-FA3E-46F6-BF78-7B851B739273}
		{ED261133-2EDD-4CA3-867C-4F09B96D1F13} = {0CEEF191-3E68-4612-BACF-8A6D04408049}
		{C00A61D6-5634-4EBC-900B-2D933E29709A} = {09F71352-A89F-4D93-BD8B-33688739ACB8}
		{12F94BFF-166D-45EB-9268-D1DADAAC407E} = {F3FDEBC4-E5D4-4418-AC7A-D384325148C4}
		{79250AA7-26DF-4B81-851D-939D0DE21A9B} = {3796E77D-0D75-49A4-80C9-FF75D14D81C9}
		{EDB5BD63-3442-497E-AE09-F80688E28E97} = {09F71352-A89F-4D93-BD8B-33688739ACB8}
	EndGlobalSection
	GlobalSection(ExtensibilityGlobals) = postSolution
		SolutionGuid = {5C305A29-7FD5-421A-A8A5-3E4844858F38}
	EndGlobalSection
EndGlobal
